// !$*UTF8*$!
{
	archiveVersion = 1;
	classes = {
	};
	objectVersion = 50;
	objects = {

/* Begin PBXBuildFile section */
		AD4612A724409D3000183122 /* AppDelegate.swift in Sources */ = {isa = PBXBuildFile; fileRef = AD4612A624409D3000183122 /* AppDelegate.swift */; };
		AD4612A924409D3000183122 /* SceneDelegate.swift in Sources */ = {isa = PBXBuildFile; fileRef = AD4612A824409D3000183122 /* SceneDelegate.swift */; };
		AD4612AB24409D3000183122 /* ViewController.swift in Sources */ = {isa = PBXBuildFile; fileRef = AD4612AA24409D3000183122 /* ViewController.swift */; };
		AD4612AE24409D3000183122 /* Main.storyboard in Resources */ = {isa = PBXBuildFile; fileRef = AD4612AC24409D3000183122 /* Main.storyboard */; };
		AD4612B024409D3300183122 /* Assets.xcassets in Resources */ = {isa = PBXBuildFile; fileRef = AD4612AF24409D3300183122 /* Assets.xcassets */; };
		AD4612B324409D3300183122 /* LaunchScreen.storyboard in Resources */ = {isa = PBXBuildFile; fileRef = AD4612B124409D3300183122 /* LaunchScreen.storyboard */; };
		AD4612BE24409D3300183122 /* Chinkal_Weather_DemoTests.swift in Sources */ = {isa = PBXBuildFile; fileRef = AD4612BD24409D3300183122 /* Chinkal_Weather_DemoTests.swift */; };
		AD4612C924409D3300183122 /* Chinkal_Weather_DemoUITests.swift in Sources */ = {isa = PBXBuildFile; fileRef = AD4612C824409D3300183122 /* Chinkal_Weather_DemoUITests.swift */; };
/* End PBXBuildFile section */

/* Begin PBXContainerItemProxy section */
		AD4612BA24409D3300183122 /* PBXContainerItemProxy */ = {
			isa = PBXContainerItemProxy;
			containerPortal = AD46129B24409D3000183122 /* Project object */;
			proxyType = 1;
			remoteGlobalIDString = AD4612A224409D3000183122;
			remoteInfo = Chinkal_Weather_Demo;
		};
		AD4612C524409D3300183122 /* PBXContainerItemProxy */ = {
			isa = PBXContainerItemProxy;
			containerPortal = AD46129B24409D3000183122 /* Project object */;
			proxyType = 1;
			remoteGlobalIDString = AD4612A224409D3000183122;
			remoteInfo = Chinkal_Weather_Demo;
		};
/* End PBXContainerItemProxy section */

/* Begin PBXFileReference section */
		AD4612A324409D3000183122 /* Chinkal_Weather_Demo.app */ = {isa = PBXFileReference; explicitFileType = wrapper.application; includeInIndex = 0; path = Chinkal_Weather_Demo.app; sourceTree = BUILT_PRODUCTS_DIR; };
		AD4612A624409D3000183122 /* AppDelegate.swift */ = {isa = PBXFileReference; lastKnownFileType = sourcecode.swift; path = AppDelegate.swift; sourceTree = "<group>"; };
		AD4612A824409D3000183122 /* SceneDelegate.swift */ = {isa = PBXFileReference; lastKnownFileType = sourcecode.swift; path = SceneDelegate.swift; sourceTree = "<group>"; };
		AD4612AA24409D3000183122 /* ViewController.swift */ = {isa = PBXFileReference; lastKnownFileType = sourcecode.swift; path = ViewController.swift; sourceTree = "<group>"; };
		AD4612AD24409D3000183122 /* Base */ = {isa = PBXFileReference; lastKnownFileType = file.storyboard; name = Base; path = Base.lproj/Main.storyboard; sourceTree = "<group>"; };
		AD4612AF24409D3300183122 /* Assets.xcassets */ = {isa = PBXFileReference; lastKnownFileType = folder.assetcatalog; path = Assets.xcassets; sourceTree = "<group>"; };
		AD4612B224409D3300183122 /* Base */ = {isa = PBXFileReference; lastKnownFileType = file.storyboard; name = Base; path = Base.lproj/LaunchScreen.storyboard; sourceTree = "<group>"; };
		AD4612B424409D3300183122 /* Info.plist */ = {isa = PBXFileReference; lastKnownFileType = text.plist.xml; path = Info.plist; sourceTree = "<group>"; };
		AD4612B924409D3300183122 /* Chinkal_Weather_DemoTests.xctest */ = {isa = PBXFileReference; explicitFileType = wrapper.cfbundle; includeInIndex = 0; path = Chinkal_Weather_DemoTests.xctest; sourceTree = BUILT_PRODUCTS_DIR; };
		AD4612BD24409D3300183122 /* Chinkal_Weather_DemoTests.swift */ = {isa = PBXFileReference; lastKnownFileType = sourcecode.swift; path = Chinkal_Weather_DemoTests.swift; sourceTree = "<group>"; };
		AD4612BF24409D3300183122 /* Info.plist */ = {isa = PBXFileReference; lastKnownFileType = text.plist.xml; path = Info.plist; sourceTree = "<group>"; };
		AD4612C424409D3300183122 /* Chinkal_Weather_DemoUITests.xctest */ = {isa = PBXFileReference; explicitFileType = wrapper.cfbundle; includeInIndex = 0; path = Chinkal_Weather_DemoUITests.xctest; sourceTree = BUILT_PRODUCTS_DIR; };
		AD4612C824409D3300183122 /* Chinkal_Weather_DemoUITests.swift */ = {isa = PBXFileReference; lastKnownFileType = sourcecode.swift; path = Chinkal_Weather_DemoUITests.swift; sourceTree = "<group>"; };
		AD4612CA24409D3400183122 /* Info.plist */ = {isa = PBXFileReference; lastKnownFileType = text.plist.xml; path = Info.plist; sourceTree = "<group>"; };
/* End PBXFileReference section */

/* Begin PBXFrameworksBuildPhase section */
		AD4612A024409D3000183122 /* Frameworks */ = {
			isa = PBXFrameworksBuildPhase;
			buildActionMask = 2147483647;
			files = (
			);
			runOnlyForDeploymentPostprocessing = 0;
		};
		AD4612B624409D3300183122 /* Frameworks */ = {
			isa = PBXFrameworksBuildPhase;
			buildActionMask = 2147483647;
			files = (
			);
			runOnlyForDeploymentPostprocessing = 0;
		};
		AD4612C124409D3300183122 /* Frameworks */ = {
			isa = PBXFrameworksBuildPhase;
			buildActionMask = 2147483647;
			files = (
			);
			runOnlyForDeploymentPostprocessing = 0;
		};
/* End PBXFrameworksBuildPhase section */

/* Begin PBXGroup section */
		AD46129A24409D3000183122 = {
			isa = PBXGroup;
			children = (
				AD4612A524409D3000183122 /* Chinkal_Weather_Demo */,
				AD4612BC24409D3300183122 /* Chinkal_Weather_DemoTests */,
				AD4612C724409D3300183122 /* Chinkal_Weather_DemoUITests */,
				AD4612A424409D3000183122 /* Products */,
			);
			sourceTree = "<group>";
		};
		AD4612A424409D3000183122 /* Products */ = {
			isa = PBXGroup;
			children = (
				AD4612A324409D3000183122 /* Chinkal_Weather_Demo.app */,
				AD4612B924409D3300183122 /* Chinkal_Weather_DemoTests.xctest */,
				AD4612C424409D3300183122 /* Chinkal_Weather_DemoUITests.xctest */,
			);
			name = Products;
			sourceTree = "<group>";
		};
		AD4612A524409D3000183122 /* Chinkal_Weather_Demo */ = {
			isa = PBXGroup;
			children = (
				AD4612A624409D3000183122 /* AppDelegate.swift */,
				AD4612A824409D3000183122 /* SceneDelegate.swift */,
				AD4612AA24409D3000183122 /* ViewController.swift */,
				AD4612AC24409D3000183122 /* Main.storyboard */,
				AD4612AF24409D3300183122 /* Assets.xcassets */,
				AD4612B124409D3300183122 /* LaunchScreen.storyboard */,
				AD4612B424409D3300183122 /* Info.plist */,
			);
			path = Chinkal_Weather_Demo;
			sourceTree = "<group>";
		};
		AD4612BC24409D3300183122 /* Chinkal_Weather_DemoTests */ = {
			isa = PBXGroup;
			children = (
				AD4612BD24409D3300183122 /* Chinkal_Weather_DemoTests.swift */,
				AD4612BF24409D3300183122 /* Info.plist */,
			);
			path = Chinkal_Weather_DemoTests;
			sourceTree = "<group>";
		};
		AD4612C724409D3300183122 /* Chinkal_Weather_DemoUITests */ = {
			isa = PBXGroup;
			children = (
				AD4612C824409D3300183122 /* Chinkal_Weather_DemoUITests.swift */,
				AD4612CA24409D3400183122 /* Info.plist */,
			);
			path = Chinkal_Weather_DemoUITests;
			sourceTree = "<group>";
		};
/* End PBXGroup section */

/* Begin PBXNativeTarget section */
		AD4612A224409D3000183122 /* Chinkal_Weather_Demo */ = {
			isa = PBXNativeTarget;
			buildConfigurationList = AD4612CD24409D3400183122 /* Build configuration list for PBXNativeTarget "Chinkal_Weather_Demo" */;
			buildPhases = (
				AD46129F24409D3000183122 /* Sources */,
				AD4612A024409D3000183122 /* Frameworks */,
				AD4612A124409D3000183122 /* Resources */,
			);
			buildRules = (
			);
			dependencies = (
			);
			name = Chinkal_Weather_Demo;
			productName = Chinkal_Weather_Demo;
			productReference = AD4612A324409D3000183122 /* Chinkal_Weather_Demo.app */;
			productType = "com.apple.product-type.application";
		};
		AD4612B824409D3300183122 /* Chinkal_Weather_DemoTests */ = {
			isa = PBXNativeTarget;
			buildConfigurationList = AD4612D024409D3400183122 /* Build configuration list for PBXNativeTarget "Chinkal_Weather_DemoTests" */;
			buildPhases = (
				AD4612B524409D3300183122 /* Sources */,
				AD4612B624409D3300183122 /* Frameworks */,
				AD4612B724409D3300183122 /* Resources */,
			);
			buildRules = (
			);
			dependencies = (
				AD4612BB24409D3300183122 /* PBXTargetDependency */,
			);
			name = Chinkal_Weather_DemoTests;
			productName = Chinkal_Weather_DemoTests;
			productReference = AD4612B924409D3300183122 /* Chinkal_Weather_DemoTests.xctest */;
			productType = "com.apple.product-type.bundle.unit-test";
		};
		AD4612C324409D3300183122 /* Chinkal_Weather_DemoUITests */ = {
			isa = PBXNativeTarget;
			buildConfigurationList = AD4612D324409D3400183122 /* Build configuration list for PBXNativeTarget "Chinkal_Weather_DemoUITests" */;
			buildPhases = (
				AD4612C024409D3300183122 /* Sources */,
				AD4612C124409D3300183122 /* Frameworks */,
				AD4612C224409D3300183122 /* Resources */,
			);
			buildRules = (
			);
			dependencies = (
				AD4612C624409D3300183122 /* PBXTargetDependency */,
			);
			name = Chinkal_Weather_DemoUITests;
			productName = Chinkal_Weather_DemoUITests;
			productReference = AD4612C424409D3300183122 /* Chinkal_Weather_DemoUITests.xctest */;
			productType = "com.apple.product-type.bundle.ui-testing";
		};
/* End PBXNativeTarget section */

/* Begin PBXProject section */
		AD46129B24409D3000183122 /* Project object */ = {
			isa = PBXProject;
			attributes = {
				LastSwiftUpdateCheck = 1130;
				LastUpgradeCheck = 1130;
				ORGANIZATIONNAME = chinkalshah;
				TargetAttributes = {
					AD4612A224409D3000183122 = {
						CreatedOnToolsVersion = 11.3.1;
					};
					AD4612B824409D3300183122 = {
						CreatedOnToolsVersion = 11.3.1;
						TestTargetID = AD4612A224409D3000183122;
					};
					AD4612C324409D3300183122 = {
						CreatedOnToolsVersion = 11.3.1;
						TestTargetID = AD4612A224409D3000183122;
					};
				};
			};
			buildConfigurationList = AD46129E24409D3000183122 /* Build configuration list for PBXProject "Chinkal_Weather_Demo" */;
			compatibilityVersion = "Xcode 9.3";
			developmentRegion = en;
			hasScannedForEncodings = 0;
			knownRegions = (
				en,
				Base,
			);
			mainGroup = AD46129A24409D3000183122;
			productRefGroup = AD4612A424409D3000183122 /* Products */;
			projectDirPath = "";
			projectRoot = "";
			targets = (
				AD4612A224409D3000183122 /* Chinkal_Weather_Demo */,
				AD4612B824409D3300183122 /* Chinkal_Weather_DemoTests */,
				AD4612C324409D3300183122 /* Chinkal_Weather_DemoUITests */,
			);
		};
/* End PBXProject section */

/* Begin PBXResourcesBuildPhase section */
		AD4612A124409D3000183122 /* Resources */ = {
			isa = PBXResourcesBuildPhase;
			buildActionMask = 2147483647;
			files = (
				AD4612B324409D3300183122 /* LaunchScreen.storyboard in Resources */,
				AD4612B024409D3300183122 /* Assets.xcassets in Resources */,
				AD4612AE24409D3000183122 /* Main.storyboard in Resources */,
			);
			runOnlyForDeploymentPostprocessing = 0;
		};
		AD4612B724409D3300183122 /* Resources */ = {
			isa = PBXResourcesBuildPhase;
			buildActionMask = 2147483647;
			files = (
			);
			runOnlyForDeploymentPostprocessing = 0;
		};
		AD4612C224409D3300183122 /* Resources */ = {
			isa = PBXResourcesBuildPhase;
			buildActionMask = 2147483647;
			files = (
			);
			runOnlyForDeploymentPostprocessing = 0;
		};
/* End PBXResourcesBuildPhase section */

/* Begin PBXSourcesBuildPhase section */
		AD46129F24409D3000183122 /* Sources */ = {
			isa = PBXSourcesBuildPhase;
			buildActionMask = 2147483647;
			files = (
				AD4612AB24409D3000183122 /* ViewController.swift in Sources */,
				AD4612A724409D3000183122 /* AppDelegate.swift in Sources */,
				AD4612A924409D3000183122 /* SceneDelegate.swift in Sources */,
			);
			runOnlyForDeploymentPostprocessing = 0;
		};
		AD4612B524409D3300183122 /* Sources */ = {
			isa = PBXSourcesBuildPhase;
			buildActionMask = 2147483647;
			files = (
				AD4612BE24409D3300183122 /* Chinkal_Weather_DemoTests.swift in Sources */,
			);
			runOnlyForDeploymentPostprocessing = 0;
		};
		AD4612C024409D3300183122 /* Sources */ = {
			isa = PBXSourcesBuildPhase;
			buildActionMask = 2147483647;
			files = (
				AD4612C924409D3300183122 /* Chinkal_Weather_DemoUITests.swift in Sources */,
			);
			runOnlyForDeploymentPostprocessing = 0;
		};
/* End PBXSourcesBuildPhase section */

/* Begin PBXTargetDependency section */
		AD4612BB24409D3300183122 /* PBXTargetDependency */ = {
			isa = PBXTargetDependency;
			target = AD4612A224409D3000183122 /* Chinkal_Weather_Demo */;
			targetProxy = AD4612BA24409D3300183122 /* PBXContainerItemProxy */;
		};
		AD4612C624409D3300183122 /* PBXTargetDependency */ = {
			isa = PBXTargetDependency;
			target = AD4612A224409D3000183122 /* Chinkal_Weather_Demo */;
			targetProxy = AD4612C524409D3300183122 /* PBXContainerItemProxy */;
		};
/* End PBXTargetDependency section */

/* Begin PBXVariantGroup section */
		AD4612AC24409D3000183122 /* Main.storyboard */ = {
			isa = PBXVariantGroup;
			children = (
				AD4612AD24409D3000183122 /* Base */,
			);
			name = Main.storyboard;
			sourceTree = "<group>";
		};
		AD4612B124409D3300183122 /* LaunchScreen.storyboard */ = {
			isa = PBXVariantGroup;
			children = (
				AD4612B224409D3300183122 /* Base */,
			);
			name = LaunchScreen.storyboard;
			sourceTree = "<group>";
		};
/* End PBXVariantGroup section */

/* Begin XCBuildConfiguration section */
		AD4612CB24409D3400183122 /* Debug */ = {
			isa = XCBuildConfiguration;
			buildSettings = {
				ALWAYS_SEARCH_USER_PATHS = NO;
				CLANG_ANALYZER_NONNULL = YES;
				CLANG_ANALYZER_NUMBER_OBJECT_CONVERSION = YES_AGGRESSIVE;
				CLANG_CXX_LANGUAGE_STANDARD = "gnu++14";
				CLANG_CXX_LIBRARY = "libc++";
				CLANG_ENABLE_MODULES = YES;
				CLANG_ENABLE_OBJC_ARC = YES;
				CLANG_ENABLE_OBJC_WEAK = YES;
				CLANG_WARN_BLOCK_CAPTURE_AUTORELEASING = YES;
				CLANG_WARN_BOOL_CONVERSION = YES;
				CLANG_WARN_COMMA = YES;
				CLANG_WARN_CONSTANT_CONVERSION = YES;
				CLANG_WARN_DEPRECATED_OBJC_IMPLEMENTATIONS = YES;
				CLANG_WARN_DIRECT_OBJC_ISA_USAGE = YES_ERROR;
				CLANG_WARN_DOCUMENTATION_COMMENTS = YES;
				CLANG_WARN_EMPTY_BODY = YES;
				CLANG_WARN_ENUM_CONVERSION = YES;
				CLANG_WARN_INFINITE_RECURSION = YES;
				CLANG_WARN_INT_CONVERSION = YES;
				CLANG_WARN_NON_LITERAL_NULL_CONVERSION = YES;
				CLANG_WARN_OBJC_IMPLICIT_RETAIN_SELF = YES;
				CLANG_WARN_OBJC_LITERAL_CONVERSION = YES;
				CLANG_WARN_OBJC_ROOT_CLASS = YES_ERROR;
				CLANG_WARN_RANGE_LOOP_ANALYSIS = YES;
				CLANG_WARN_STRICT_PROTOTYPES = YES;
				CLANG_WARN_SUSPICIOUS_MOVE = YES;
				CLANG_WARN_UNGUARDED_AVAILABILITY = YES_AGGRESSIVE;
				CLANG_WARN_UNREACHABLE_CODE = YES;
				CLANG_WARN__DUPLICATE_METHOD_MATCH = YES;
				COPY_PHASE_STRIP = NO;
				DEBUG_INFORMATION_FORMAT = dwarf;
				ENABLE_STRICT_OBJC_MSGSEND = YES;
				ENABLE_TESTABILITY = YES;
				GCC_C_LANGUAGE_STANDARD = gnu11;
				GCC_DYNAMIC_NO_PIC = NO;
				GCC_NO_COMMON_BLOCKS = YES;
				GCC_OPTIMIZATION_LEVEL = 0;
				GCC_PREPROCESSOR_DEFINITIONS = (
					"DEBUG=1",
					"$(inherited)",
				);
				GCC_WARN_64_TO_32_BIT_CONVERSION = YES;
				GCC_WARN_ABOUT_RETURN_TYPE = YES_ERROR;
				GCC_WARN_UNDECLARED_SELECTOR = YES;
				GCC_WARN_UNINITIALIZED_AUTOS = YES_AGGRESSIVE;
				GCC_WARN_UNUSED_FUNCTION = YES;
				GCC_WARN_UNUSED_VARIABLE = YES;
				IPHONEOS_DEPLOYMENT_TARGET = 13.2;
				MTL_ENABLE_DEBUG_INFO = INCLUDE_SOURCE;
				MTL_FAST_MATH = YES;
				ONLY_ACTIVE_ARCH = YES;
				SDKROOT = iphoneos;
				SWIFT_ACTIVE_COMPILATION_CONDITIONS = DEBUG;
				SWIFT_OPTIMIZATION_LEVEL = "-Onone";
			};
			name = Debug;
		};
		AD4612CC24409D3400183122 /* Release */ = {
			isa = XCBuildConfiguration;
			buildSettings = {
				ALWAYS_SEARCH_USER_PATHS = NO;
				CLANG_ANALYZER_NONNULL = YES;
				CLANG_ANALYZER_NUMBER_OBJECT_CONVERSION = YES_AGGRESSIVE;
				CLANG_CXX_LANGUAGE_STANDARD = "gnu++14";
				CLANG_CXX_LIBRARY = "libc++";
				CLANG_ENABLE_MODULES = YES;
				CLANG_ENABLE_OBJC_ARC = YES;
				CLANG_ENABLE_OBJC_WEAK = YES;
				CLANG_WARN_BLOCK_CAPTURE_AUTORELEASING = YES;
				CLANG_WARN_BOOL_CONVERSION = YES;
				CLANG_WARN_COMMA = YES;
				CLANG_WARN_CONSTANT_CONVERSION = YES;
				CLANG_WARN_DEPRECATED_OBJC_IMPLEMENTATIONS = YES;
				CLANG_WARN_DIRECT_OBJC_ISA_USAGE = YES_ERROR;
				CLANG_WARN_DOCUMENTATION_COMMENTS = YES;
				CLANG_WARN_EMPTY_BODY = YES;
				CLANG_WARN_ENUM_CONVERSION = YES;
				CLANG_WARN_INFINITE_RECURSION = YES;
				CLANG_WARN_INT_CONVERSION = YES;
				CLANG_WARN_NON_LITERAL_NULL_CONVERSION = YES;
				CLANG_WARN_OBJC_IMPLICIT_RETAIN_SELF = YES;
				CLANG_WARN_OBJC_LITERAL_CONVERSION = YES;
				CLANG_WARN_OBJC_ROOT_CLASS = YES_ERROR;
				CLANG_WARN_RANGE_LOOP_ANALYSIS = YES;
				CLANG_WARN_STRICT_PROTOTYPES = YES;
				CLANG_WARN_SUSPICIOUS_MOVE = YES;
				CLANG_WARN_UNGUARDED_AVAILABILITY = YES_AGGRESSIVE;
				CLANG_WARN_UNREACHABLE_CODE = YES;
				CLANG_WARN__DUPLICATE_METHOD_MATCH = YES;
				COPY_PHASE_STRIP = NO;
				DEBUG_INFORMATION_FORMAT = "dwarf-with-dsym";
				ENABLE_NS_ASSERTIONS = NO;
				ENABLE_STRICT_OBJC_MSGSEND = YES;
				GCC_C_LANGUAGE_STANDARD = gnu11;
				GCC_NO_COMMON_BLOCKS = YES;
				GCC_WARN_64_TO_32_BIT_CONVERSION = YES;
				GCC_WARN_ABOUT_RETURN_TYPE = YES_ERROR;
				GCC_WARN_UNDECLARED_SELECTOR = YES;
				GCC_WARN_UNINITIALIZED_AUTOS = YES_AGGRESSIVE;
				GCC_WARN_UNUSED_FUNCTION = YES;
				GCC_WARN_UNUSED_VARIABLE = YES;
				IPHONEOS_DEPLOYMENT_TARGET = 13.2;
				MTL_ENABLE_DEBUG_INFO = NO;
				MTL_FAST_MATH = YES;
				SDKROOT = iphoneos;
				SWIFT_COMPILATION_MODE = wholemodule;
				SWIFT_OPTIMIZATION_LEVEL = "-O";
				VALIDATE_PRODUCT = YES;
			};
			name = Release;
		};
		AD4612CE24409D3400183122 /* Debug */ = {
			isa = XCBuildConfiguration;
			buildSettings = {
				ASSETCATALOG_COMPILER_APPICON_NAME = AppIcon;
				CODE_SIGN_STYLE = Automatic;
				INFOPLIST_FILE = Chinkal_Weather_Demo/Info.plist;
				LD_RUNPATH_SEARCH_PATHS = (
					"$(inherited)",
					"@executable_path/Frameworks",
				);
				PRODUCT_BUNDLE_IDENTIFIER = "com.test.test.Chinkal-Weather-Demo";
				PRODUCT_NAME = "$(TARGET_NAME)";
				SWIFT_VERSION = 5.0;
				TARGETED_DEVICE_FAMILY = "1,2";
			};
			name = Debug;
		};
		AD4612CF24409D3400183122 /* Release */ = {
			isa = XCBuildConfiguration;
			buildSettings = {
				ASSETCATALOG_COMPILER_APPICON_NAME = AppIcon;
				CODE_SIGN_STYLE = Automatic;
				INFOPLIST_FILE = Chinkal_Weather_Demo/Info.plist;
				LD_RUNPATH_SEARCH_PATHS = (
					"$(inherited)",
					"@executable_path/Frameworks",
				);
				PRODUCT_BUNDLE_IDENTIFIER = "com.test.test.Chinkal-Weather-Demo";
				PRODUCT_NAME = "$(TARGET_NAME)";
				SWIFT_VERSION = 5.0;
				TARGETED_DEVICE_FAMILY = "1,2";
			};
			name = Release;
		};
		AD4612D124409D3400183122 /* Debug */ = {
			isa = XCBuildConfiguration;
			buildSettings = {
				ALWAYS_EMBED_SWIFT_STANDARD_LIBRARIES = YES;
				BUNDLE_LOADER = "$(TEST_HOST)";
				CODE_SIGN_STYLE = Automatic;
				INFOPLIST_FILE = Chinkal_Weather_DemoTests/Info.plist;
				IPHONEOS_DEPLOYMENT_TARGET = 13.2;
				LD_RUNPATH_SEARCH_PATHS = (
					"$(inherited)",
					"@executable_path/Frameworks",
					"@loader_path/Frameworks",
				);
				PRODUCT_BUNDLE_IDENTIFIER = "com.test.test.Chinkal-Weather-DemoTests";
				PRODUCT_NAME = "$(TARGET_NAME)";
				SWIFT_VERSION = 5.0;
				TARGETED_DEVICE_FAMILY = "1,2";
				TEST_HOST = "$(BUILT_PRODUCTS_DIR)/Chinkal_Weather_Demo.app/Chinkal_Weather_Demo";
			};
			name = Debug;
		};
		AD4612D224409D3400183122 /* Release */ = {
			isa = XCBuildConfiguration;
			buildSettings = {
				ALWAYS_EMBED_SWIFT_STANDARD_LIBRARIES = YES;
				BUNDLE_LOADER = "$(TEST_HOST)";
				CODE_SIGN_STYLE = Automatic;
				INFOPLIST_FILE = Chinkal_Weather_DemoTests/Info.plist;
				IPHONEOS_DEPLOYMENT_TARGET = 13.2;
				LD_RUNPATH_SEARCH_PATHS = (
					"$(inherited)",
					"@executable_path/Frameworks",
					"@loader_path/Frameworks",
				);
				PRODUCT_BUNDLE_IDENTIFIER = "com.test.test.Chinkal-Weather-DemoTests";
				PRODUCT_NAME = "$(TARGET_NAME)";
				SWIFT_VERSION = 5.0;
				TARGETED_DEVICE_FAMILY = "1,2";
				TEST_HOST = "$(BUILT_PRODUCTS_DIR)/Chinkal_Weather_Demo.app/Chinkal_Weather_Demo";
			};
			name = Release;
		};
		AD4612D424409D3400183122 /* Debug */ = {
			isa = XCBuildConfiguration;
			buildSettings = {
				ALWAYS_EMBED_SWIFT_STANDARD_LIBRARIES = YES;
				CODE_SIGN_STYLE = Automatic;
				INFOPLIST_FILE = Chinkal_Weather_DemoUITests/Info.plist;
				LD_RUNPATH_SEARCH_PATHS = (
					"$(inherited)",
					"@executable_path/Frameworks",
					"@loader_path/Frameworks",
				);
				PRODUCT_BUNDLE_IDENTIFIER = "com.test.test.Chinkal-Weather-DemoUITests";
				PRODUCT_NAME = "$(TARGET_NAME)";
				SWIFT_VERSION = 5.0;
				TARGETED_DEVICE_FAMILY = "1,2";
				TEST_TARGET_NAME = Chinkal_Weather_Demo;
			};
			name = Debug;
		};
		AD4612D524409D3400183122 /* Release */ = {
			isa = XCBuildConfiguration;
			buildSettings = {
				ALWAYS_EMBED_SWIFT_STANDARD_LIBRARIES = YES;
				CODE_SIGN_STYLE = Automatic;
				INFOPLIST_FILE = Chinkal_Weather_DemoUITests/Info.plist;
				LD_RUNPATH_SEARCH_PATHS = (
					"$(inherited)",
					"@executable_path/Frameworks",
					"@loader_path/Frameworks",
				);
				PRODUCT_BUNDLE_IDENTIFIER = "com.test.test.Chinkal-Weather-DemoUITests";
				PRODUCT_NAME = "$(TARGET_NAME)";
				SWIFT_VERSION = 5.0;
				TARGETED_DEVICE_FAMILY = "1,2";
				TEST_TARGET_NAME = Chinkal_Weather_Demo;
			};
			name = Release;
		};
/* End XCBuildConfiguration section */

/* Begin XCConfigurationList section */
		AD46129E24409D3000183122 /* Build configuration list for PBXProject "Chinkal_Weather_Demo" */ = {
			isa = XCConfigurationList;
			buildConfigurations = (
				AD4612CB24409D3400183122 /* Debug */,
				AD4612CC24409D3400183122 /* Release */,
			);
			defaultConfigurationIsVisible = 0;
			defaultConfigurationName = Release;
		};
		AD4612CD24409D3400183122 /* Build configuration list for PBXNativeTarget "Chinkal_Weather_Demo" */ = {
			isa = XCConfigurationList;
			buildConfigurations = (
				AD4612CE24409D3400183122 /* Debug */,
				AD4612CF24409D3400183122 /* Release */,
			);
			defaultConfigurationIsVisible = 0;
			defaultConfigurationName = Release;
		};
		AD4612D024409D3400183122 /* Build configuration list for PBXNativeTarget "Chinkal_Weather_DemoTests" */ = {
			isa = XCConfigurationList;
			buildConfigurations = (
				AD4612D124409D3400183122 /* Debug */,
				AD4612D224409D3400183122 /* Release */,
			);
			defaultConfigurationIsVisible = 0;
			defaultConfigurationName = Release;
		};
		AD4612D324409D3400183122 /* Build configuration list for PBXNativeTarget "Chinkal_Weather_DemoUITests" */ = {
			isa = XCConfigurationList;
			buildConfigurations = (
				AD4612D424409D3400183122 /* Debug */,
				AD4612D524409D3400183122 /* Release */,
			);
			defaultConfigurationIsVisible = 0;
			defaultConfigurationName = Release;
		};
/* End XCConfigurationList section */
	};
	rootObject = AD46129B24409D3000183122 /* Project object */;
}
